
Microsoft Visual Studio Solution File, Format Version 12.00
# Visual Studio Version 17
VisualStudioVersion = 17.11.35222.181
MinimumVisualStudioVersion = 10.0.40219.1
Project("{9A19103F-16F7-4668-BE54-9A1E7A4F7556}") = "Quiz", "Quiz\Quiz.csproj", "{D27428F6-2502-437C-A8C7-0DC64972B2A8}"
EndProject
Project("{FAE04EC0-301F-11D3-BF4B-00C04F79EFBC}") = "WebAPI", "WebAPI\WebAPI.csproj", "{8A0ABC20-71C1-4F57-AAFC-35AA4C67B679}"
EndProject
Project("{FAE04EC0-301F-11D3-BF4B-00C04F79EFBC}") = "ViewModel", "ViewModel\ViewModel.csproj", "{F8772D63-D1B9-435C-87B1-5738D6073118}"
EndProject
Project("{00D1A9C2-B5F0-4AF3-8072-F6C62B433612}") = "QuizDatabase", "QuizDatabase\QuizDatabase.sqlproj", "{A60CF3D3-5008-4934-B660-E2AD41F3713B}"
EndProject
Global
	GlobalSection(SolutionConfigurationPlatforms) = preSolution
		Debug|Any CPU = Debug|Any CPU
		Release|Any CPU = Release|Any CPU
	EndGlobalSection
	GlobalSection(ProjectConfigurationPlatforms) = postSolution
		{D27428F6-2502-437C-A8C7-0DC64972B2A8}.Debug|Any CPU.ActiveCfg = Debug|Any CPU
		{D27428F6-2502-437C-A8C7-0DC64972B2A8}.Debug|Any CPU.Build.0 = Debug|Any CPU
		{D27428F6-2502-437C-A8C7-0DC64972B2A8}.Release|Any CPU.ActiveCfg = Release|Any CPU
		{D27428F6-2502-437C-A8C7-0DC64972B2A8}.Release|Any CPU.Build.0 = Release|Any CPU
		{8A0ABC20-71C1-4F57-AAFC-35AA4C67B679}.Debug|Any CPU.ActiveCfg = Debug|Any CPU
		{8A0ABC20-71C1-4F57-AAFC-35AA4C67B679}.Debug|Any CPU.Build.0 = Debug|Any CPU
		{8A0ABC20-71C1-4F57-AAFC-35AA4C67B679}.Release|Any CPU.ActiveCfg = Release|Any CPU
		{8A0ABC20-71C1-4F57-AAFC-35AA4C67B679}.Release|Any CPU.Build.0 = Release|Any CPU
		{F8772D63-D1B9-435C-87B1-5738D6073118}.Debug|Any CPU.ActiveCfg = Debug|Any CPU
		{F8772D63-D1B9-435C-87B1-5738D6073118}.Debug|Any CPU.Build.0 = Debug|Any CPU
		{F8772D63-D1B9-435C-87B1-5738D6073118}.Release|Any CPU.ActiveCfg = Release|Any CPU
		{F8772D63-D1B9-435C-87B1-5738D6073118}.Release|Any CPU.Build.0 = Release|Any CPU
		{A60CF3D3-5008-4934-B660-E2AD41F3713B}.Debug|Any CPU.ActiveCfg = Debug|Any CPU
		{A60CF3D3-5008-4934-B660-E2AD41F3713B}.Debug|Any CPU.Build.0 = Debug|Any CPU
		{A60CF3D3-5008-4934-B660-E2AD41F3713B}.Debug|Any CPU.Deploy.0 = Debug|Any CPU
		{A60CF3D3-5008-4934-B660-E2AD41F3713B}.Release|Any CPU.ActiveCfg = Release|Any CPU
		{A60CF3D3-5008-4934-B660-E2AD41F3713B}.Release|Any CPU.Build.0 = Release|Any CPU
		{A60CF3D3-5008-4934-B660-E2AD41F3713B}.Release|Any CPU.Deploy.0 = Release|Any CPU
	EndGlobalSection
	GlobalSection(SolutionProperties) = preSolution
		HideSolutionNode = FALSE
	EndGlobalSection
	GlobalSection(ExtensibilityGlobals) = postSolution
		SolutionGuid = {4F038763-0952-4248-BB80-8274859A7B40}
	EndGlobalSection
EndGlobal
